
Microsoft Visual Studio Solution File, Format Version 12.00
# Visual Studio Version 16
VisualStudioVersion = 16.0.31321.278
MinimumVisualStudioVersion = 10.0.40219.1
Project("{FAE04EC0-301F-11D3-BF4B-00C04F79EFBC}") = "Controle de Estoque RN", "Controle de Estoque RN\Controle de Estoque RN.csproj", "{6DAC8BD0-93AC-4082-BFD6-1386BB866411}"
EndProject
Global
	GlobalSection(SolutionConfigurationPlatforms) = preSolution
		Debug|Any CPU = Debug|Any CPU
		Release|Any CPU = Release|Any CPU
	EndGlobalSection
	GlobalSection(ProjectConfigurationPlatforms) = postSolution
		{6DAC8BD0-93AC-4082-BFD6-1386BB866411}.Debug|Any CPU.ActiveCfg = Debug|Any CPU
		{6DAC8BD0-93AC-4082-BFD6-1386BB866411}.Debug|Any CPU.Build.0 = Debug|Any CPU
		{6DAC8BD0-93AC-4082-BFD6-1386BB866411}.Release|Any CPU.ActiveCfg = Release|Any CPU
		{6DAC8BD0-93AC-4082-BFD6-1386BB866411}.Release|Any CPU.Build.0 = Release|Any CPU
	EndGlobalSection
	GlobalSection(SolutionProperties) = preSolution
		HideSolutionNode = FALSE
	EndGlobalSection
	GlobalSection(ExtensibilityGlobals) = postSolution
		SolutionGuid = {6C6517E2-03B8-440F-8B20-846A6F403F19}
	EndGlobalSection
EndGlobal
